
Microsoft Visual Studio Solution File, Format Version 12.00
Project("{FAE04EC0-301F-11D3-BF4B-00C04F79EFBC}") = "Gazillionaire.Server.Grains", "Gazillionaire.Server.Grains\Gazillionaire.Server.Grains.csproj", "{4927C8B0-DC6B-45C8-9F15-278BDDE3857D}"
EndProject
Project("{FAE04EC0-301F-11D3-BF4B-00C04F79EFBC}") = "Gazillionaire.Server.Grains.Interfaces", "Gazillionaire.Server.Grains.Interfaces\Gazillionaire.Server.Grains.Interfaces.csproj", "{DCC6919D-ADC7-4572-9C56-5B8678C4CCEC}"
EndProject
Project("{FAE04EC0-301F-11D3-BF4B-00C04F79EFBC}") = "Gazillionaire.Server", "Gazillionaire.Server\Gazillionaire.Server.csproj", "{F8F49700-75D5-4E0D-8296-1CECAA5BAAD5}"
EndProject
Global
	GlobalSection(SolutionConfigurationPlatforms) = preSolution
		Debug|Any CPU = Debug|Any CPU
		Release|Any CPU = Release|Any CPU
	EndGlobalSection
	GlobalSection(ProjectConfigurationPlatforms) = postSolution
		{4927C8B0-DC6B-45C8-9F15-278BDDE3857D}.Debug|Any CPU.ActiveCfg = Debug|Any CPU
		{4927C8B0-DC6B-45C8-9F15-278BDDE3857D}.Debug|Any CPU.Build.0 = Debug|Any CPU
		{4927C8B0-DC6B-45C8-9F15-278BDDE3857D}.Release|Any CPU.ActiveCfg = Release|Any CPU
		{4927C8B0-DC6B-45C8-9F15-278BDDE3857D}.Release|Any CPU.Build.0 = Release|Any CPU
		{DCC6919D-ADC7-4572-9C56-5B8678C4CCEC}.Debug|Any CPU.ActiveCfg = Debug|Any CPU
		{DCC6919D-ADC7-4572-9C56-5B8678C4CCEC}.Debug|Any CPU.Build.0 = Debug|Any CPU
		{DCC6919D-ADC7-4572-9C56-5B8678C4CCEC}.Release|Any CPU.ActiveCfg = Release|Any CPU
		{DCC6919D-ADC7-4572-9C56-5B8678C4CCEC}.Release|Any CPU.Build.0 = Release|Any CPU
		{F8F49700-75D5-4E0D-8296-1CECAA5BAAD5}.Debug|Any CPU.ActiveCfg = Debug|Any CPU
		{F8F49700-75D5-4E0D-8296-1CECAA5BAAD5}.Debug|Any CPU.Build.0 = Debug|Any CPU
		{F8F49700-75D5-4E0D-8296-1CECAA5BAAD5}.Release|Any CPU.ActiveCfg = Release|Any CPU
		{F8F49700-75D5-4E0D-8296-1CECAA5BAAD5}.Release|Any CPU.Build.0 = Release|Any CPU
	EndGlobalSection
EndGlobal
